
Microsoft Visual Studio Solution File, Format Version 12.00
# Visual Studio 2012
Project("{FAE04EC0-301F-11D3-BF4B-00C04F79EFBC}") = "ProvisionDslGui", "ProvisionDslGui\ProvisionDslGui.csproj", "{A964CE8E-AF3F-48F3-BADD-BAA44B148F29}"
EndProject
Project("{FAE04EC0-301F-11D3-BF4B-00C04F79EFBC}") = "RemoteControl", "RemoteControl\RemoteControl.csproj", "{6225CD43-85D2-4AB1-B776-999FD76901DC}"
EndProject
Project("{FAE04EC0-301F-11D3-BF4B-00C04F79EFBC}") = "RsyncTester", "RsyncTester\RsyncTester.csproj", "{CB8ACC18-F17E-4146-9C9A-87BB4B17DCE7}"
EndProject
Project("{FAE04EC0-301F-11D3-BF4B-00C04F79EFBC}") = "RemoteControl.Tests", "RemoteControl.Tests\RemoteControl.Tests.csproj", "{8FCE53C2-3BC5-4E0D-914E-4C9BAF56E13B}"
EndProject
Global
	GlobalSection(SolutionConfigurationPlatforms) = preSolution
		Debug|x86 = Debug|x86
		Release|x86 = Release|x86
	EndGlobalSection
	GlobalSection(ProjectConfigurationPlatforms) = postSolution
		{6225CD43-85D2-4AB1-B776-999FD76901DC}.Debug|x86.ActiveCfg = Debug|Any CPU
		{6225CD43-85D2-4AB1-B776-999FD76901DC}.Debug|x86.Build.0 = Debug|Any CPU
		{6225CD43-85D2-4AB1-B776-999FD76901DC}.Release|x86.ActiveCfg = Release|Any CPU
		{6225CD43-85D2-4AB1-B776-999FD76901DC}.Release|x86.Build.0 = Release|Any CPU
		{8FCE53C2-3BC5-4E0D-914E-4C9BAF56E13B}.Debug|x86.ActiveCfg = Debug|Any CPU
		{8FCE53C2-3BC5-4E0D-914E-4C9BAF56E13B}.Debug|x86.Build.0 = Debug|Any CPU
		{8FCE53C2-3BC5-4E0D-914E-4C9BAF56E13B}.Release|x86.ActiveCfg = Release|Any CPU
		{8FCE53C2-3BC5-4E0D-914E-4C9BAF56E13B}.Release|x86.Build.0 = Release|Any CPU
		{A964CE8E-AF3F-48F3-BADD-BAA44B148F29}.Debug|x86.ActiveCfg = Debug|x86
		{A964CE8E-AF3F-48F3-BADD-BAA44B148F29}.Debug|x86.Build.0 = Debug|x86
		{A964CE8E-AF3F-48F3-BADD-BAA44B148F29}.Release|x86.ActiveCfg = Release|x86
		{A964CE8E-AF3F-48F3-BADD-BAA44B148F29}.Release|x86.Build.0 = Release|x86
		{CB8ACC18-F17E-4146-9C9A-87BB4B17DCE7}.Debug|x86.ActiveCfg = Debug|x86
		{CB8ACC18-F17E-4146-9C9A-87BB4B17DCE7}.Debug|x86.Build.0 = Debug|x86
		{CB8ACC18-F17E-4146-9C9A-87BB4B17DCE7}.Release|x86.ActiveCfg = Release|x86
		{CB8ACC18-F17E-4146-9C9A-87BB4B17DCE7}.Release|x86.Build.0 = Release|x86
	EndGlobalSection
EndGlobal
